// !$*UTF8*$!
{
	archiveVersion = 1;
	classes = {
	};
	objectVersion = 77;
	objects = {

/* Begin PBXBuildFile section */
		C32E76702E41035800254E21 /* RealmSwift in Frameworks */ = {isa = PBXBuildFile; productRef = C32E766F2E41035800254E21 /* RealmSwift */; };
		C32E76732E41045C00254E21 /* SwiftyJSON in Frameworks */ = {isa = PBXBuildFile; productRef = C32E76722E41045C00254E21 /* SwiftyJSON */; };
		C32E76762E4104B600254E21 /* FlagKit in Frameworks */ = {isa = PBXBuildFile; productRef = C32E76752E4104B600254E21 /* FlagKit */; };
		C32E767E2E41055500254E21 /* Alamofire in Frameworks */ = {isa = PBXBuildFile; productRef = C32E767D2E41055500254E21 /* Alamofire */; };
/* End PBXBuildFile section */

/* Begin PBXContainerItemProxy section */
		C32E76892E4219BC00254E21 /* PBXContainerItemProxy */ = {
			isa = PBXContainerItemProxy;
			containerPortal = C32E75E62E40FB6E00254E21 /* Project object */;
			proxyType = 1;
			remoteGlobalIDString = C32E75ED2E40FB6E00254E21;
			remoteInfo = CowryTakeHome;
		};
/* End PBXContainerItemProxy section */

/* Begin PBXFileReference section */
		C32E75EE2E40FB6E00254E21 /* CowryTakeHome.app */ = {isa = PBXFileReference; explicitFileType = wrapper.application; includeInIndex = 0; path = CowryTakeHome.app; sourceTree = BUILT_PRODUCTS_DIR; };
		C32E76852E4219BC00254E21 /* CowryTakeHomeTests.xctest */ = {isa = PBXFileReference; explicitFileType = wrapper.cfbundle; includeInIndex = 0; path = CowryTakeHomeTests.xctest; sourceTree = BUILT_PRODUCTS_DIR; };
/* End PBXFileReference section */

/* Begin PBXFileSystemSynchronizedBuildFileExceptionSet section */
		C32E76002E40FB7000254E21 /* Exceptions for "CowryTakeHome" folder in "CowryTakeHome" target */ = {
			isa = PBXFileSystemSynchronizedBuildFileExceptionSet;
			membershipExceptions = (
				Info.plist,
			);
			target = C32E75ED2E40FB6E00254E21 /* CowryTakeHome */;
		};
/* End PBXFileSystemSynchronizedBuildFileExceptionSet section */

/* Begin PBXFileSystemSynchronizedRootGroup section */
		C32E75F02E40FB6E00254E21 /* CowryTakeHome */ = {
			isa = PBXFileSystemSynchronizedRootGroup;
			exceptions = (
				C32E76002E40FB7000254E21 /* Exceptions for "CowryTakeHome" folder in "CowryTakeHome" target */,
			);
			path = CowryTakeHome;
			sourceTree = "<group>";
		};
		C32E76862E4219BC00254E21 /* CowryTakeHomeTests */ = {
			isa = PBXFileSystemSynchronizedRootGroup;
			path = CowryTakeHomeTests;
			sourceTree = "<group>";
		};
/* End PBXFileSystemSynchronizedRootGroup section */

/* Begin PBXFrameworksBuildPhase section */
		C32E75EB2E40FB6E00254E21 /* Frameworks */ = {
			isa = PBXFrameworksBuildPhase;
			buildActionMask = 2147483647;
			files = (
				C32E76762E4104B600254E21 /* FlagKit in Frameworks */,
				C32E767E2E41055500254E21 /* Alamofire in Frameworks */,
				C32E76732E41045C00254E21 /* SwiftyJSON in Frameworks */,
				C32E76702E41035800254E21 /* RealmSwift in Frameworks */,
			);
			runOnlyForDeploymentPostprocessing = 0;
		};
		C32E76822E4219BC00254E21 /* Frameworks */ = {
			isa = PBXFrameworksBuildPhase;
			buildActionMask = 2147483647;
			files = (
			);
			runOnlyForDeploymentPostprocessing = 0;
		};
/* End PBXFrameworksBuildPhase section */

/* Begin PBXGroup section */
		C32E75E52E40FB6E00254E21 = {
			isa = PBXGroup;
			children = (
				C32E75F02E40FB6E00254E21 /* CowryTakeHome */,
				C32E76862E4219BC00254E21 /* CowryTakeHomeTests */,
				C32E75EF2E40FB6E00254E21 /* Products */,
			);
			sourceTree = "<group>";
		};
		C32E75EF2E40FB6E00254E21 /* Products */ = {
			isa = PBXGroup;
			children = (
				C32E75EE2E40FB6E00254E21 /* CowryTakeHome.app */,
				C32E76852E4219BC00254E21 /* CowryTakeHomeTests.xctest */,
			);
			name = Products;
			sourceTree = "<group>";
		};
/* End PBXGroup section */

/* Begin PBXNativeTarget section */
		C32E75ED2E40FB6E00254E21 /* CowryTakeHome */ = {
			isa = PBXNativeTarget;
			buildConfigurationList = C32E76012E40FB7000254E21 /* Build configuration list for PBXNativeTarget "CowryTakeHome" */;
			buildPhases = (
				C32E75EA2E40FB6E00254E21 /* Sources */,
				C32E75EB2E40FB6E00254E21 /* Frameworks */,
				C32E75EC2E40FB6E00254E21 /* Resources */,
			);
			buildRules = (
			);
			dependencies = (
			);
			fileSystemSynchronizedGroups = (
				C32E75F02E40FB6E00254E21 /* CowryTakeHome */,
			);
			name = CowryTakeHome;
			packageProductDependencies = (
				C32E766F2E41035800254E21 /* RealmSwift */,
				C32E76722E41045C00254E21 /* SwiftyJSON */,
				C32E76752E4104B600254E21 /* FlagKit */,
				C32E767D2E41055500254E21 /* Alamofire */,
			);
			productName = CowryTakeHome;
			productReference = C32E75EE2E40FB6E00254E21 /* CowryTakeHome.app */;
			productType = "com.apple.product-type.application";
		};
		C32E76842E4219BC00254E21 /* CowryTakeHomeTests */ = {
			isa = PBXNativeTarget;
			buildConfigurationList = C32E768B2E4219BC00254E21 /* Build configuration list for PBXNativeTarget "CowryTakeHomeTests" */;
			buildPhases = (
				C32E76812E4219BC00254E21 /* Sources */,
				C32E76822E4219BC00254E21 /* Frameworks */,
				C32E76832E4219BC00254E21 /* Resources */,
			);
			buildRules = (
			);
			dependencies = (
				C32E768A2E4219BC00254E21 /* PBXTargetDependency */,
			);
			fileSystemSynchronizedGroups = (
				C32E76862E4219BC00254E21 /* CowryTakeHomeTests */,
			);
			name = CowryTakeHomeTests;
			packageProductDependencies = (
			);
			productName = CowryTakeHomeTests;
			productReference = C32E76852E4219BC00254E21 /* CowryTakeHomeTests.xctest */;
			productType = "com.apple.product-type.bundle.unit-test";
		};
/* End PBXNativeTarget section */

/* Begin PBXProject section */
		C32E75E62E40FB6E00254E21 /* Project object */ = {
			isa = PBXProject;
			attributes = {
				BuildIndependentTargetsInParallel = 1;
				LastSwiftUpdateCheck = 1620;
				LastUpgradeCheck = 1620;
				TargetAttributes = {
					C32E75ED2E40FB6E00254E21 = {
						CreatedOnToolsVersion = 16.2;
					};
					C32E76842E4219BC00254E21 = {
						CreatedOnToolsVersion = 16.2;
						TestTargetID = C32E75ED2E40FB6E00254E21;
					};
				};
			};
			buildConfigurationList = C32E75E92E40FB6E00254E21 /* Build configuration list for PBXProject "CowryTakeHome" */;
			developmentRegion = en;
			hasScannedForEncodings = 0;
			knownRegions = (
				en,
				Base,
			);
			mainGroup = C32E75E52E40FB6E00254E21;
			minimizedProjectReferenceProxies = 1;
			packageReferences = (
				C32E766E2E41035800254E21 /* XCRemoteSwiftPackageReference "realm-swift" */,
				C32E76712E41045C00254E21 /* XCRemoteSwiftPackageReference "SwiftyJSON" */,
				C32E76742E4104B600254E21 /* XCRemoteSwiftPackageReference "FlagKit" */,
				C32E767C2E41055500254E21 /* XCRemoteSwiftPackageReference "Alamofire" */,
			);
			preferredProjectObjectVersion = 77;
			productRefGroup = C32E75EF2E40FB6E00254E21 /* Products */;
			projectDirPath = "";
			projectRoot = "";
			targets = (
				C32E75ED2E40FB6E00254E21 /* CowryTakeHome */,
				C32E76842E4219BC00254E21 /* CowryTakeHomeTests */,
			);
		};
/* End PBXProject section */

/* Begin PBXResourcesBuildPhase section */
		C32E75EC2E40FB6E00254E21 /* Resources */ = {
			isa = PBXResourcesBuildPhase;
			buildActionMask = 2147483647;
			files = (
			);
			runOnlyForDeploymentPostprocessing = 0;
		};
		C32E76832E4219BC00254E21 /* Resources */ = {
			isa = PBXResourcesBuildPhase;
			buildActionMask = 2147483647;
			files = (
			);
			runOnlyForDeploymentPostprocessing = 0;
		};
/* End PBXResourcesBuildPhase section */

/* Begin PBXSourcesBuildPhase section */
		C32E75EA2E40FB6E00254E21 /* Sources */ = {
			isa = PBXSourcesBuildPhase;
			buildActionMask = 2147483647;
			files = (
			);
			runOnlyForDeploymentPostprocessing = 0;
		};
		C32E76812E4219BC00254E21 /* Sources */ = {
			isa = PBXSourcesBuildPhase;
			buildActionMask = 2147483647;
			files = (
			);
			runOnlyForDeploymentPostprocessing = 0;
		};
/* End PBXSourcesBuildPhase section */

/* Begin PBXTargetDependency section */
		C32E768A2E4219BC00254E21 /* PBXTargetDependency */ = {
			isa = PBXTargetDependency;
			target = C32E75ED2E40FB6E00254E21 /* CowryTakeHome */;
			targetProxy = C32E76892E4219BC00254E21 /* PBXContainerItemProxy */;
		};
/* End PBXTargetDependency section */

/* Begin XCBuildConfiguration section */
		C32E76022E40FB7000254E21 /* Debug */ = {
			isa = XCBuildConfiguration;
			buildSettings = {
				ASSETCATALOG_COMPILER_APPICON_NAME = AppIcon;
				ASSETCATALOG_COMPILER_GLOBAL_ACCENT_COLOR_NAME = AccentColor;
				CODE_SIGN_STYLE = Automatic;
				CURRENT_PROJECT_VERSION = 1;
				DEVELOPMENT_TEAM = U845SG237L;
				GENERATE_INFOPLIST_FILE = YES;
				INFOPLIST_FILE = CowryTakeHome/Info.plist;
				INFOPLIST_KEY_UIApplicationSupportsIndirectInputEvents = YES;
				INFOPLIST_KEY_UILaunchStoryboardName = LaunchScreen;
				INFOPLIST_KEY_UIMainStoryboardFile = Main;
				INFOPLIST_KEY_UISupportedInterfaceOrientations_iPad = "UIInterfaceOrientationPortrait UIInterfaceOrientationPortraitUpsideDown UIInterfaceOrientationLandscapeLeft UIInterfaceOrientationLandscapeRight";
				INFOPLIST_KEY_UISupportedInterfaceOrientations_iPhone = "UIInterfaceOrientationPortrait UIInterfaceOrientationLandscapeLeft UIInterfaceOrientationLandscapeRight";
				LD_RUNPATH_SEARCH_PATHS = (
					"$(inherited)",
					"@executable_path/Frameworks",
				);
				MARKETING_VERSION = 1.0;
				PRODUCT_BUNDLE_IDENTIFIER = com.CowryTakeHome;
				PRODUCT_NAME = "$(TARGET_NAME)";
				SWIFT_EMIT_LOC_STRINGS = YES;
				SWIFT_VERSION = 5.0;
				TARGETED_DEVICE_FAMILY = "1,2";
			};
			name = Debug;
		};
		C32E76032E40FB7000254E21 /* Release */ = {
			isa = XCBuildConfiguration;
			buildSettings = {
				ASSETCATALOG_COMPILER_APPICON_NAME = AppIcon;
				ASSETCATALOG_COMPILER_GLOBAL_ACCENT_COLOR_NAME = AccentColor;
				CODE_SIGN_STYLE = Automatic;
				CURRENT_PROJECT_VERSION = 1;
				DEVELOPMENT_TEAM = U845SG237L;
				GENERATE_INFOPLIST_FILE = YES;
				INFOPLIST_FILE = CowryTakeHome/Info.plist;
				INFOPLIST_KEY_UIApplicationSupportsIndirectInputEvents = YES;
				INFOPLIST_KEY_UILaunchStoryboardName = LaunchScreen;
				INFOPLIST_KEY_UIMainStoryboardFile = Main;
				INFOPLIST_KEY_UISupportedInterfaceOrientations_iPad = "UIInterfaceOrientationPortrait UIInterfaceOrientationPortraitUpsideDown UIInterfaceOrientationLandscapeLeft UIInterfaceOrientationLandscapeRight";
				INFOPLIST_KEY_UISupportedInterfaceOrientations_iPhone = "UIInterfaceOrientationPortrait UIInterfaceOrientationLandscapeLeft UIInterfaceOrientationLandscapeRight";
				LD_RUNPATH_SEARCH_PATHS = (
					"$(inherited)",
					"@executable_path/Frameworks",
				);
				MARKETING_VERSION = 1.0;
				PRODUCT_BUNDLE_IDENTIFIER = com.CowryTakeHome;
				PRODUCT_NAME = "$(TARGET_NAME)";
				SWIFT_EMIT_LOC_STRINGS = YES;
				SWIFT_VERSION = 5.0;
				TARGETED_DEVICE_FAMILY = "1,2";
			};
			name = Release;
		};
		C32E76042E40FB7000254E21 /* Debug */ = {
			isa = XCBuildConfiguration;
			buildSettings = {
				ALWAYS_SEARCH_USER_PATHS = NO;
				ASSETCATALOG_COMPILER_GENERATE_SWIFT_ASSET_SYMBOL_EXTENSIONS = YES;
				CLANG_ANALYZER_NONNULL = YES;
				CLANG_ANALYZER_NUMBER_OBJECT_CONVERSION = YES_AGGRESSIVE;
				CLANG_CXX_LANGUAGE_STANDARD = "gnu++20";
				CLANG_ENABLE_MODULES = YES;
				CLANG_ENABLE_OBJC_ARC = YES;
				CLANG_ENABLE_OBJC_WEAK = YES;
				CLANG_WARN_BLOCK_CAPTURE_AUTORELEASING = YES;
				CLANG_WARN_BOOL_CONVERSION = YES;
				CLANG_WARN_COMMA = YES;
				CLANG_WARN_CONSTANT_CONVERSION = YES;
				CLANG_WARN_DEPRECATED_OBJC_IMPLEMENTATIONS = YES;
				CLANG_WARN_DIRECT_OBJC_ISA_USAGE = YES_ERROR;
				CLANG_WARN_DOCUMENTATION_COMMENTS = YES;
				CLANG_WARN_EMPTY_BODY = YES;
				CLANG_WARN_ENUM_CONVERSION = YES;
				CLANG_WARN_INFINITE_RECURSION = YES;
				CLANG_WARN_INT_CONVERSION = YES;
				CLANG_WARN_NON_LITERAL_NULL_CONVERSION = YES;
				CLANG_WARN_OBJC_IMPLICIT_RETAIN_SELF = YES;
				CLANG_WARN_OBJC_LITERAL_CONVERSION = YES;
				CLANG_WARN_OBJC_ROOT_CLASS = YES_ERROR;
				CLANG_WARN_QUOTED_INCLUDE_IN_FRAMEWORK_HEADER = YES;
				CLANG_WARN_RANGE_LOOP_ANALYSIS = YES;
				CLANG_WARN_STRICT_PROTOTYPES = YES;
				CLANG_WARN_SUSPICIOUS_MOVE = YES;
				CLANG_WARN_UNGUARDED_AVAILABILITY = YES_AGGRESSIVE;
				CLANG_WARN_UNREACHABLE_CODE = YES;
				CLANG_WARN__DUPLICATE_METHOD_MATCH = YES;
				COPY_PHASE_STRIP = NO;
				DEBUG_INFORMATION_FORMAT = dwarf;
				ENABLE_STRICT_OBJC_MSGSEND = YES;
				ENABLE_TESTABILITY = YES;
				ENABLE_USER_SCRIPT_SANDBOXING = YES;
				GCC_C_LANGUAGE_STANDARD = gnu17;
				GCC_DYNAMIC_NO_PIC = NO;
				GCC_NO_COMMON_BLOCKS = YES;
				GCC_OPTIMIZATION_LEVEL = 0;
				GCC_PREPROCESSOR_DEFINITIONS = (
					"DEBUG=1",
					"$(inherited)",
				);
				GCC_WARN_64_TO_32_BIT_CONVERSION = YES;
				GCC_WARN_ABOUT_RETURN_TYPE = YES_ERROR;
				GCC_WARN_UNDECLARED_SELECTOR = YES;
				GCC_WARN_UNINITIALIZED_AUTOS = YES_AGGRESSIVE;
				GCC_WARN_UNUSED_FUNCTION = YES;
				GCC_WARN_UNUSED_VARIABLE = YES;
				IPHONEOS_DEPLOYMENT_TARGET = 18.2;
				LOCALIZATION_PREFERS_STRING_CATALOGS = YES;
				MTL_ENABLE_DEBUG_INFO = INCLUDE_SOURCE;
				MTL_FAST_MATH = YES;
				ONLY_ACTIVE_ARCH = YES;
				SDKROOT = iphoneos;
				SWIFT_ACTIVE_COMPILATION_CONDITIONS = "DEBUG $(inherited)";
				SWIFT_OPTIMIZATION_LEVEL = "-Onone";
			};
			name = Debug;
		};
		C32E76052E40FB7000254E21 /* Release */ = {
			isa = XCBuildConfiguration;
			buildSettings = {
				ALWAYS_SEARCH_USER_PATHS = NO;
				ASSETCATALOG_COMPILER_GENERATE_SWIFT_ASSET_SYMBOL_EXTENSIONS = YES;
				CLANG_ANALYZER_NONNULL = YES;
				CLANG_ANALYZER_NUMBER_OBJECT_CONVERSION = YES_AGGRESSIVE;
				CLANG_CXX_LANGUAGE_STANDARD = "gnu++20";
				CLANG_ENABLE_MODULES = YES;
				CLANG_ENABLE_OBJC_ARC = YES;
				CLANG_ENABLE_OBJC_WEAK = YES;
				CLANG_WARN_BLOCK_CAPTURE_AUTORELEASING = YES;
				CLANG_WARN_BOOL_CONVERSION = YES;
				CLANG_WARN_COMMA = YES;
				CLANG_WARN_CONSTANT_CONVERSION = YES;
				CLANG_WARN_DEPRECATED_OBJC_IMPLEMENTATIONS = YES;
				CLANG_WARN_DIRECT_OBJC_ISA_USAGE = YES_ERROR;
				CLANG_WARN_DOCUMENTATION_COMMENTS = YES;
				CLANG_WARN_EMPTY_BODY = YES;
				CLANG_WARN_ENUM_CONVERSION = YES;
				CLANG_WARN_INFINITE_RECURSION = YES;
				CLANG_WARN_INT_CONVERSION = YES;
				CLANG_WARN_NON_LITERAL_NULL_CONVERSION = YES;
				CLANG_WARN_OBJC_IMPLICIT_RETAIN_SELF = YES;
				CLANG_WARN_OBJC_LITERAL_CONVERSION = YES;
				CLANG_WARN_OBJC_ROOT_CLASS = YES_ERROR;
				CLANG_WARN_QUOTED_INCLUDE_IN_FRAMEWORK_HEADER = YES;
				CLANG_WARN_RANGE_LOOP_ANALYSIS = YES;
				CLANG_WARN_STRICT_PROTOTYPES = YES;
				CLANG_WARN_SUSPICIOUS_MOVE = YES;
				CLANG_WARN_UNGUARDED_AVAILABILITY = YES_AGGRESSIVE;
				CLANG_WARN_UNREACHABLE_CODE = YES;
				CLANG_WARN__DUPLICATE_METHOD_MATCH = YES;
				COPY_PHASE_STRIP = NO;
				DEBUG_INFORMATION_FORMAT = "dwarf-with-dsym";
				ENABLE_NS_ASSERTIONS = NO;
				ENABLE_STRICT_OBJC_MSGSEND = YES;
				ENABLE_USER_SCRIPT_SANDBOXING = YES;
				GCC_C_LANGUAGE_STANDARD = gnu17;
				GCC_NO_COMMON_BLOCKS = YES;
				GCC_WARN_64_TO_32_BIT_CONVERSION = YES;
				GCC_WARN_ABOUT_RETURN_TYPE = YES_ERROR;
				GCC_WARN_UNDECLARED_SELECTOR = YES;
				GCC_WARN_UNINITIALIZED_AUTOS = YES_AGGRESSIVE;
				GCC_WARN_UNUSED_FUNCTION = YES;
				GCC_WARN_UNUSED_VARIABLE = YES;
				IPHONEOS_DEPLOYMENT_TARGET = 18.2;
				LOCALIZATION_PREFERS_STRING_CATALOGS = YES;
				MTL_ENABLE_DEBUG_INFO = NO;
				MTL_FAST_MATH = YES;
				SDKROOT = iphoneos;
				SWIFT_COMPILATION_MODE = wholemodule;
				VALIDATE_PRODUCT = YES;
			};
			name = Release;
		};
		C32E768C2E4219BC00254E21 /* Debug */ = {
			isa = XCBuildConfiguration;
			buildSettings = {
				BUNDLE_LOADER = "$(TEST_HOST)";
				CODE_SIGN_STYLE = Automatic;
				CURRENT_PROJECT_VERSION = 1;
				DEVELOPMENT_TEAM = U845SG237L;
				GENERATE_INFOPLIST_FILE = YES;
				MARKETING_VERSION = 1.0;
				PRODUCT_BUNDLE_IDENTIFIER = com.CowryTakeHomeTests;
				PRODUCT_NAME = "$(TARGET_NAME)";
				SWIFT_EMIT_LOC_STRINGS = NO;
				SWIFT_VERSION = 5.0;
				TARGETED_DEVICE_FAMILY = "1,2";
				TEST_HOST = "$(BUILT_PRODUCTS_DIR)/CowryTakeHome.app/$(BUNDLE_EXECUTABLE_FOLDER_PATH)/CowryTakeHome";
			};
			name = Debug;
		};
		C32E768D2E4219BC00254E21 /* Release */ = {
			isa = XCBuildConfiguration;
			buildSettings = {
				BUNDLE_LOADER = "$(TEST_HOST)";
				CODE_SIGN_STYLE = Automatic;
				CURRENT_PROJECT_VERSION = 1;
				DEVELOPMENT_TEAM = U845SG237L;
				GENERATE_INFOPLIST_FILE = YES;
				MARKETING_VERSION = 1.0;
				PRODUCT_BUNDLE_IDENTIFIER = com.CowryTakeHomeTests;
				PRODUCT_NAME = "$(TARGET_NAME)";
				SWIFT_EMIT_LOC_STRINGS = NO;
				SWIFT_VERSION = 5.0;
				TARGETED_DEVICE_FAMILY = "1,2";
				TEST_HOST = "$(BUILT_PRODUCTS_DIR)/CowryTakeHome.app/$(BUNDLE_EXECUTABLE_FOLDER_PATH)/CowryTakeHome";
			};
			name = Release;
		};
/* End XCBuildConfiguration section */

/* Begin XCConfigurationList section */
		C32E75E92E40FB6E00254E21 /* Build configuration list for PBXProject "CowryTakeHome" */ = {
			isa = XCConfigurationList;
			buildConfigurations = (
				C32E76042E40FB7000254E21 /* Debug */,
				C32E76052E40FB7000254E21 /* Release */,
			);
			defaultConfigurationIsVisible = 0;
			defaultConfigurationName = Release;
		};
		C32E76012E40FB7000254E21 /* Build configuration list for PBXNativeTarget "CowryTakeHome" */ = {
			isa = XCConfigurationList;
			buildConfigurations = (
				C32E76022E40FB7000254E21 /* Debug */,
				C32E76032E40FB7000254E21 /* Release */,
			);
			defaultConfigurationIsVisible = 0;
			defaultConfigurationName = Release;
		};
		C32E768B2E4219BC00254E21 /* Build configuration list for PBXNativeTarget "CowryTakeHomeTests" */ = {
			isa = XCConfigurationList;
			buildConfigurations = (
				C32E768C2E4219BC00254E21 /* Debug */,
				C32E768D2E4219BC00254E21 /* Release */,
			);
			defaultConfigurationIsVisible = 0;
			defaultConfigurationName = Release;
		};
/* End XCConfigurationList section */

/* Begin XCRemoteSwiftPackageReference section */
		C32E766E2E41035800254E21 /* XCRemoteSwiftPackageReference "realm-swift" */ = {
			isa = XCRemoteSwiftPackageReference;
			repositoryURL = "https://github.com/realm/realm-swift.git";
			requirement = {
				kind = exactVersion;
				version = 10.49.3;
			};
		};
		C32E76712E41045C00254E21 /* XCRemoteSwiftPackageReference "SwiftyJSON" */ = {
			isa = XCRemoteSwiftPackageReference;
			repositoryURL = "https://github.com/SwiftyJSON/SwiftyJSON.git";
			requirement = {
				kind = upToNextMajorVersion;
				minimumVersion = 5.0.2;
			};
		};
		C32E76742E4104B600254E21 /* XCRemoteSwiftPackageReference "FlagKit" */ = {
			isa = XCRemoteSwiftPackageReference;
			repositoryURL = "https://github.com/madebybowtie/FlagKit.git";
			requirement = {
				kind = upToNextMajorVersion;
				minimumVersion = 2.4.0;
			};
		};
		C32E767C2E41055500254E21 /* XCRemoteSwiftPackageReference "Alamofire" */ = {
			isa = XCRemoteSwiftPackageReference;
			repositoryURL = "https://github.com/Alamofire/Alamofire.git";
			requirement = {
				kind = upToNextMajorVersion;
				minimumVersion = 5.10.2;
			};
		};
/* End XCRemoteSwiftPackageReference section */

/* Begin XCSwiftPackageProductDependency section */
		C32E766F2E41035800254E21 /* RealmSwift */ = {
			isa = XCSwiftPackageProductDependency;
			package = C32E766E2E41035800254E21 /* XCRemoteSwiftPackageReference "realm-swift" */;
			productName = RealmSwift;
		};
		C32E76722E41045C00254E21 /* SwiftyJSON */ = {
			isa = XCSwiftPackageProductDependency;
			package = C32E76712E41045C00254E21 /* XCRemoteSwiftPackageReference "SwiftyJSON" */;
			productName = SwiftyJSON;
		};
		C32E76752E4104B600254E21 /* FlagKit */ = {
			isa = XCSwiftPackageProductDependency;
			package = C32E76742E4104B600254E21 /* XCRemoteSwiftPackageReference "FlagKit" */;
			productName = FlagKit;
		};
		C32E767D2E41055500254E21 /* Alamofire */ = {
			isa = XCSwiftPackageProductDependency;
			package = C32E767C2E41055500254E21 /* XCRemoteSwiftPackageReference "Alamofire" */;
			productName = Alamofire;
		};
/* End XCSwiftPackageProductDependency section */
	};
	rootObject = C32E75E62E40FB6E00254E21 /* Project object */;
}
